
Microsoft Visual Studio Solution File, Format Version 12.00
# Visual Studio 15
VisualStudioVersion = 15.0.27004.2010
MinimumVisualStudioVersion = 10.0.40219.1
Project("{9A19103F-16F7-4668-BE54-9A1E7A4F7556}") = "Day01", "Day01\Day01.csproj", "{38E4E143-AD0E-47C2-89AB-CA540079AF82}"
EndProject
Project("{FAE04EC0-301F-11D3-BF4B-00C04F79EFBC}") = "Day02", "Day02\Day02.csproj", "{9C801667-30CB-46A6-8A5B-DFE17A50A01C}"
EndProject
Global
	GlobalSection(SolutionConfigurationPlatforms) = preSolution
		Debug|Any CPU = Debug|Any CPU
		Release|Any CPU = Release|Any CPU
	EndGlobalSection
	GlobalSection(ProjectConfigurationPlatforms) = postSolution
		{38E4E143-AD0E-47C2-89AB-CA540079AF82}.Debug|Any CPU.ActiveCfg = Debug|Any CPU
		{38E4E143-AD0E-47C2-89AB-CA540079AF82}.Debug|Any CPU.Build.0 = Debug|Any CPU
		{38E4E143-AD0E-47C2-89AB-CA540079AF82}.Release|Any CPU.ActiveCfg = Release|Any CPU
		{38E4E143-AD0E-47C2-89AB-CA540079AF82}.Release|Any CPU.Build.0 = Release|Any CPU
		{9C801667-30CB-46A6-8A5B-DFE17A50A01C}.Debug|Any CPU.ActiveCfg = Debug|Any CPU
		{9C801667-30CB-46A6-8A5B-DFE17A50A01C}.Debug|Any CPU.Build.0 = Debug|Any CPU
		{9C801667-30CB-46A6-8A5B-DFE17A50A01C}.Release|Any CPU.ActiveCfg = Release|Any CPU
		{9C801667-30CB-46A6-8A5B-DFE17A50A01C}.Release|Any CPU.Build.0 = Release|Any CPU
	EndGlobalSection
	GlobalSection(SolutionProperties) = preSolution
		HideSolutionNode = FALSE
	EndGlobalSection
	GlobalSection(ExtensibilityGlobals) = postSolution
		SolutionGuid = {7AD966D8-8ACB-4F47-B9DC-B71933B3AB10}
	EndGlobalSection
EndGlobal
