
Microsoft Visual Studio Solution File, Format Version 12.00
# Visual Studio 15
VisualStudioVersion = 15.0.27004.2010
MinimumVisualStudioVersion = 10.0.40219.1
Project("{9A19103F-16F7-4668-BE54-9A1E7A4F7556}") = "Day01", "Day01\Day01.csproj", "{38E4E143-AD0E-47C2-89AB-CA540079AF82}"
EndProject
Project("{9A19103F-16F7-4668-BE54-9A1E7A4F7556}") = "Day02", "Day02\Day02.csproj", "{9C801667-30CB-46A6-8A5B-DFE17A50A01C}"
EndProject
Project("{9A19103F-16F7-4668-BE54-9A1E7A4F7556}") = "Day03", "Day03\Day03.csproj", "{DCCEFF70-E776-4670-95ED-E532C3806F48}"
EndProject
Project("{9A19103F-16F7-4668-BE54-9A1E7A4F7556}") = "Day04", "Day04\Day04.csproj", "{CD5A549C-E6D0-4351-AAEA-EBE4D6A23F84}"
EndProject
Project("{9A19103F-16F7-4668-BE54-9A1E7A4F7556}") = "Day05", "Day05\Day05.csproj", "{6C863D82-0737-4FA3-B49E-FA11590B7916}"
EndProject
Project("{9A19103F-16F7-4668-BE54-9A1E7A4F7556}") = "Day06", "Day06\Day06.csproj", "{29D32D63-D899-4371-AB31-4FFA2655BCD8}"
EndProject
Project("{9A19103F-16F7-4668-BE54-9A1E7A4F7556}") = "Day07", "Day07\Day07.csproj", "{91CD8577-8830-4F3B-806C-C66CD45E7EBA}"
EndProject
Project("{9A19103F-16F7-4668-BE54-9A1E7A4F7556}") = "Day08", "Day08\Day08.csproj", "{DF123FF9-CE98-4441-B136-CA28D6C09581}"
EndProject
Project("{9A19103F-16F7-4668-BE54-9A1E7A4F7556}") = "Day09", "Day09\Day09.csproj", "{E60F684A-C8FD-415B-AD81-8A03F65B144A}"
EndProject
Project("{9A19103F-16F7-4668-BE54-9A1E7A4F7556}") = "Day10", "Day10\Day10.csproj", "{772033DC-B095-40FA-BD3A-BC9E9045C159}"
EndProject
Project("{9A19103F-16F7-4668-BE54-9A1E7A4F7556}") = "Day11", "Day11\Day11.csproj", "{64D68E73-E5EE-4864-8CAA-4C331990DA34}"
EndProject
Project("{FAE04EC0-301F-11D3-BF4B-00C04F79EFBC}") = "Day12", "Day12\Day12.csproj", "{2FFB3675-5E67-4940-AB16-84177BE917AD}"
EndProject
Global
	GlobalSection(SolutionConfigurationPlatforms) = preSolution
		Debug|Any CPU = Debug|Any CPU
		Release|Any CPU = Release|Any CPU
	EndGlobalSection
	GlobalSection(ProjectConfigurationPlatforms) = postSolution
		{38E4E143-AD0E-47C2-89AB-CA540079AF82}.Debug|Any CPU.ActiveCfg = Debug|Any CPU
		{38E4E143-AD0E-47C2-89AB-CA540079AF82}.Debug|Any CPU.Build.0 = Debug|Any CPU
		{38E4E143-AD0E-47C2-89AB-CA540079AF82}.Release|Any CPU.ActiveCfg = Release|Any CPU
		{38E4E143-AD0E-47C2-89AB-CA540079AF82}.Release|Any CPU.Build.0 = Release|Any CPU
		{9C801667-30CB-46A6-8A5B-DFE17A50A01C}.Debug|Any CPU.ActiveCfg = Debug|Any CPU
		{9C801667-30CB-46A6-8A5B-DFE17A50A01C}.Debug|Any CPU.Build.0 = Debug|Any CPU
		{9C801667-30CB-46A6-8A5B-DFE17A50A01C}.Release|Any CPU.ActiveCfg = Release|Any CPU
		{9C801667-30CB-46A6-8A5B-DFE17A50A01C}.Release|Any CPU.Build.0 = Release|Any CPU
		{DCCEFF70-E776-4670-95ED-E532C3806F48}.Debug|Any CPU.ActiveCfg = Debug|Any CPU
		{DCCEFF70-E776-4670-95ED-E532C3806F48}.Debug|Any CPU.Build.0 = Debug|Any CPU
		{DCCEFF70-E776-4670-95ED-E532C3806F48}.Release|Any CPU.ActiveCfg = Release|Any CPU
		{DCCEFF70-E776-4670-95ED-E532C3806F48}.Release|Any CPU.Build.0 = Release|Any CPU
		{CD5A549C-E6D0-4351-AAEA-EBE4D6A23F84}.Debug|Any CPU.ActiveCfg = Debug|Any CPU
		{CD5A549C-E6D0-4351-AAEA-EBE4D6A23F84}.Debug|Any CPU.Build.0 = Debug|Any CPU
		{CD5A549C-E6D0-4351-AAEA-EBE4D6A23F84}.Release|Any CPU.ActiveCfg = Release|Any CPU
		{CD5A549C-E6D0-4351-AAEA-EBE4D6A23F84}.Release|Any CPU.Build.0 = Release|Any CPU
		{6C863D82-0737-4FA3-B49E-FA11590B7916}.Debug|Any CPU.ActiveCfg = Debug|Any CPU
		{6C863D82-0737-4FA3-B49E-FA11590B7916}.Debug|Any CPU.Build.0 = Debug|Any CPU
		{6C863D82-0737-4FA3-B49E-FA11590B7916}.Release|Any CPU.ActiveCfg = Release|Any CPU
		{6C863D82-0737-4FA3-B49E-FA11590B7916}.Release|Any CPU.Build.0 = Release|Any CPU
		{29D32D63-D899-4371-AB31-4FFA2655BCD8}.Debug|Any CPU.ActiveCfg = Debug|Any CPU
		{29D32D63-D899-4371-AB31-4FFA2655BCD8}.Debug|Any CPU.Build.0 = Debug|Any CPU
		{29D32D63-D899-4371-AB31-4FFA2655BCD8}.Release|Any CPU.ActiveCfg = Release|Any CPU
		{29D32D63-D899-4371-AB31-4FFA2655BCD8}.Release|Any CPU.Build.0 = Release|Any CPU
		{91CD8577-8830-4F3B-806C-C66CD45E7EBA}.Debug|Any CPU.ActiveCfg = Debug|Any CPU
		{91CD8577-8830-4F3B-806C-C66CD45E7EBA}.Debug|Any CPU.Build.0 = Debug|Any CPU
		{91CD8577-8830-4F3B-806C-C66CD45E7EBA}.Release|Any CPU.ActiveCfg = Release|Any CPU
		{91CD8577-8830-4F3B-806C-C66CD45E7EBA}.Release|Any CPU.Build.0 = Release|Any CPU
		{DF123FF9-CE98-4441-B136-CA28D6C09581}.Debug|Any CPU.ActiveCfg = Debug|Any CPU
		{DF123FF9-CE98-4441-B136-CA28D6C09581}.Debug|Any CPU.Build.0 = Debug|Any CPU
		{DF123FF9-CE98-4441-B136-CA28D6C09581}.Release|Any CPU.ActiveCfg = Release|Any CPU
		{DF123FF9-CE98-4441-B136-CA28D6C09581}.Release|Any CPU.Build.0 = Release|Any CPU
		{E60F684A-C8FD-415B-AD81-8A03F65B144A}.Debug|Any CPU.ActiveCfg = Debug|Any CPU
		{E60F684A-C8FD-415B-AD81-8A03F65B144A}.Debug|Any CPU.Build.0 = Debug|Any CPU
		{E60F684A-C8FD-415B-AD81-8A03F65B144A}.Release|Any CPU.ActiveCfg = Release|Any CPU
		{E60F684A-C8FD-415B-AD81-8A03F65B144A}.Release|Any CPU.Build.0 = Release|Any CPU
		{772033DC-B095-40FA-BD3A-BC9E9045C159}.Debug|Any CPU.ActiveCfg = Debug|Any CPU
		{772033DC-B095-40FA-BD3A-BC9E9045C159}.Debug|Any CPU.Build.0 = Debug|Any CPU
		{772033DC-B095-40FA-BD3A-BC9E9045C159}.Release|Any CPU.ActiveCfg = Release|Any CPU
		{772033DC-B095-40FA-BD3A-BC9E9045C159}.Release|Any CPU.Build.0 = Release|Any CPU
		{64D68E73-E5EE-4864-8CAA-4C331990DA34}.Debug|Any CPU.ActiveCfg = Debug|Any CPU
		{64D68E73-E5EE-4864-8CAA-4C331990DA34}.Debug|Any CPU.Build.0 = Debug|Any CPU
		{64D68E73-E5EE-4864-8CAA-4C331990DA34}.Release|Any CPU.ActiveCfg = Release|Any CPU
		{64D68E73-E5EE-4864-8CAA-4C331990DA34}.Release|Any CPU.Build.0 = Release|Any CPU
		{2FFB3675-5E67-4940-AB16-84177BE917AD}.Debug|Any CPU.ActiveCfg = Debug|Any CPU
		{2FFB3675-5E67-4940-AB16-84177BE917AD}.Debug|Any CPU.Build.0 = Debug|Any CPU
		{2FFB3675-5E67-4940-AB16-84177BE917AD}.Release|Any CPU.ActiveCfg = Release|Any CPU
		{2FFB3675-5E67-4940-AB16-84177BE917AD}.Release|Any CPU.Build.0 = Release|Any CPU
	EndGlobalSection
	GlobalSection(SolutionProperties) = preSolution
		HideSolutionNode = FALSE
	EndGlobalSection
	GlobalSection(ExtensibilityGlobals) = postSolution
		SolutionGuid = {7AD966D8-8ACB-4F47-B9DC-B71933B3AB10}
	EndGlobalSection
EndGlobal
